
Microsoft Visual Studio Solution File, Format Version 12.00
# Visual Studio 15
Project("{FAE04EC0-301F-11D3-BF4B-00C04F79EFBC}") = "PlusUltra.WebApi", "src\PlusUltra.WebApi.csproj", "{670A41C7-D072-4F4C-81AD-AF3A781FB8EE}"
EndProject
Project("{FAE04EC0-301F-11D3-BF4B-00C04F79EFBC}") = "sample", "sample\sample.csproj", "{E14E4228-7A8E-4FED-993F-A9FCDE2798FE}"
EndProject
Global
	GlobalSection(SolutionConfigurationPlatforms) = preSolution
		Debug|Any CPU = Debug|Any CPU
		Release|Any CPU = Release|Any CPU
	EndGlobalSection
	GlobalSection(ProjectConfigurationPlatforms) = postSolution
		{670A41C7-D072-4F4C-81AD-AF3A781FB8EE}.Debug|Any CPU.ActiveCfg = Debug|Any CPU
		{670A41C7-D072-4F4C-81AD-AF3A781FB8EE}.Debug|Any CPU.Build.0 = Debug|Any CPU
		{670A41C7-D072-4F4C-81AD-AF3A781FB8EE}.Release|Any CPU.ActiveCfg = Release|Any CPU
		{670A41C7-D072-4F4C-81AD-AF3A781FB8EE}.Release|Any CPU.Build.0 = Release|Any CPU
		{E14E4228-7A8E-4FED-993F-A9FCDE2798FE}.Debug|Any CPU.ActiveCfg = Debug|Any CPU
		{E14E4228-7A8E-4FED-993F-A9FCDE2798FE}.Debug|Any CPU.Build.0 = Debug|Any CPU
		{E14E4228-7A8E-4FED-993F-A9FCDE2798FE}.Release|Any CPU.ActiveCfg = Release|Any CPU
		{E14E4228-7A8E-4FED-993F-A9FCDE2798FE}.Release|Any CPU.Build.0 = Release|Any CPU
	EndGlobalSection
EndGlobal
